{
  "name": "remote-device-ai-assistant",
  "version": "0.2.0",
  "lockfileVersion": 3,
  "requires": true,
  "packages": {
    "": {
      "name": "remote-device-ai-assistant",
      "version": "0.2.0",
      "license": "MIT",
      "dependencies": {
        "vnc-tool": "github:denisps/vnc-tool#semver:^0.3.2"
      },
      "bin": {
        "remote-assistant": "bin/assistant"
      },
      "engines": {
        "node": ">=18"
      }
    },
    "node_modules/vnc-tool": {
      "version": "0.3.2",
      "resolved": "git+ssh://git@github.com/denisps/vnc-tool.git#f20482d94ec980eba1880d5920274ac5100cef22",
      "license": "MIT",
      "bin": {
        "vnc": "bin/vnc"
      },
      "engines": {
        "node": ">=18"
      }
    }
  }
}
