{
  "name": "remote-device-ai-assistant",
  "version": "0.1.1",
  "lockfileVersion": 3,
  "requires": true,
  "packages": {
    "": {
      "name": "remote-device-ai-assistant",
      "version": "0.1.1",
      "license": "MIT",
      "dependencies": {
        "vnc-tool": "github:denisps/vnc-tool#semver:^0.3.0"
      },
      "bin": {
        "remote-assistant": "bin/assistant"
      },
      "engines": {
        "node": ">=18"
      }
    },
    "node_modules/vnc-tool": {
      "version": "0.3.0",
      "resolved": "git+ssh://git@github.com/denisps/vnc-tool.git#228265697a3b292125ad4322cc6f00678ef63c06",
      "license": "MIT",
      "bin": {
        "vnc": "bin/vnc"
      },
      "engines": {
        "node": ">=18"
      }
    }
  }
}
